
Microsoft Visual Studio Solution File, Format Version 12.00
# Visual Studio 15
VisualStudioVersion = 15.0.27004.2009
MinimumVisualStudioVersion = 10.0.40219.1
Project("{9A19103F-16F7-4668-BE54-9A1E7A4F7556}") = "Unickq.SpecFlow.Selenium.SpecFlowPlugin", "Unickq.SpecFlow.Selenium.Plugin\Unickq.SpecFlow.Selenium.SpecFlowPlugin.csproj", "{8B277E9F-1FDB-4D30-944B-A8C17308F62B}"
EndProject
Project("{2150E333-8FDC-42A3-9474-1A3956D46DE8}") = "Solution Items", "Solution Items", "{B37E308A-6F8B-4328-A701-F67D044468E9}"
	ProjectSection(SolutionItems) = preProject
		appveyor.yml = appveyor.yml
		nuget.nuspec = nuget.nuspec
		README.md = README.md
	EndProjectSection
EndProject
Project("{FAE04EC0-301F-11D3-BF4B-00C04F79EFBC}") = "Unickq.SpecFlow.Selenium.Example", "Unickq.SpecFlow.Selenium.Example\Unickq.SpecFlow.Selenium.Example.csproj", "{950A9182-CC76-4EB6-BC06-0E483F3FA6C8}"
EndProject
Project("{9A19103F-16F7-4668-BE54-9A1E7A4F7556}") = "Unickq.SpecFlow.Selenium.Allure.SpecFlowPlugin", "Unickq.SpecFlow.Selenium.Allure.SpecFlowPlugin\Unickq.SpecFlow.Selenium.Allure.SpecFlowPlugin.csproj", "{C6A40160-2C4F-4D9C-8963-C4595EE8ACD2}"
EndProject
Project("{FAE04EC0-301F-11D3-BF4B-00C04F79EFBC}") = "Unickq.SpecFlow.Selenium.Allure.Example", "Unickq.SpecFlow.Selenium.Allure.Example\Unickq.SpecFlow.Selenium.Allure.Example.csproj", "{85F6ABA6-DC28-4D14-BF4C-5BC11011558A}"
EndProject
Project("{2150E333-8FDC-42A3-9474-1A3956D46DE8}") = "Allure", "Allure", "{7965F048-6802-4954-AB40-5E64AEA5C90C}"
EndProject
Global
	GlobalSection(SolutionConfigurationPlatforms) = preSolution
		Debug|Any CPU = Debug|Any CPU
		Release|Any CPU = Release|Any CPU
	EndGlobalSection
	GlobalSection(ProjectConfigurationPlatforms) = postSolution
		{8B277E9F-1FDB-4D30-944B-A8C17308F62B}.Debug|Any CPU.ActiveCfg = Debug|Any CPU
		{8B277E9F-1FDB-4D30-944B-A8C17308F62B}.Debug|Any CPU.Build.0 = Debug|Any CPU
		{8B277E9F-1FDB-4D30-944B-A8C17308F62B}.Release|Any CPU.ActiveCfg = Release|Any CPU
		{8B277E9F-1FDB-4D30-944B-A8C17308F62B}.Release|Any CPU.Build.0 = Release|Any CPU
		{950A9182-CC76-4EB6-BC06-0E483F3FA6C8}.Debug|Any CPU.ActiveCfg = Debug|Any CPU
		{950A9182-CC76-4EB6-BC06-0E483F3FA6C8}.Debug|Any CPU.Build.0 = Debug|Any CPU
		{950A9182-CC76-4EB6-BC06-0E483F3FA6C8}.Release|Any CPU.ActiveCfg = Release|Any CPU
		{950A9182-CC76-4EB6-BC06-0E483F3FA6C8}.Release|Any CPU.Build.0 = Release|Any CPU
		{C6A40160-2C4F-4D9C-8963-C4595EE8ACD2}.Debug|Any CPU.ActiveCfg = Debug|Any CPU
		{C6A40160-2C4F-4D9C-8963-C4595EE8ACD2}.Debug|Any CPU.Build.0 = Debug|Any CPU
		{C6A40160-2C4F-4D9C-8963-C4595EE8ACD2}.Release|Any CPU.ActiveCfg = Release|Any CPU
		{C6A40160-2C4F-4D9C-8963-C4595EE8ACD2}.Release|Any CPU.Build.0 = Release|Any CPU
		{85F6ABA6-DC28-4D14-BF4C-5BC11011558A}.Debug|Any CPU.ActiveCfg = Debug|Any CPU
		{85F6ABA6-DC28-4D14-BF4C-5BC11011558A}.Debug|Any CPU.Build.0 = Debug|Any CPU
		{85F6ABA6-DC28-4D14-BF4C-5BC11011558A}.Release|Any CPU.ActiveCfg = Release|Any CPU
		{85F6ABA6-DC28-4D14-BF4C-5BC11011558A}.Release|Any CPU.Build.0 = Release|Any CPU
	EndGlobalSection
	GlobalSection(SolutionProperties) = preSolution
		HideSolutionNode = FALSE
	EndGlobalSection
	GlobalSection(NestedProjects) = preSolution
		{C6A40160-2C4F-4D9C-8963-C4595EE8ACD2} = {7965F048-6802-4954-AB40-5E64AEA5C90C}
		{85F6ABA6-DC28-4D14-BF4C-5BC11011558A} = {7965F048-6802-4954-AB40-5E64AEA5C90C}
	EndGlobalSection
	GlobalSection(ExtensibilityGlobals) = postSolution
		SolutionGuid = {0DAF2729-F178-4B54-B59A-8E9027CC3C55}
	EndGlobalSection
EndGlobal
